{
    "_meta": {
        "hash": {
            "sha256": "86d2c9a9f646c26eaf1521d6136da579f583ab7df4057c7dbe6284c36717f600"
        },
        "pipfile-spec": 6,
        "requires": {
            "python_version": "3.10"
        },
        "sources": [
            {
                "name": "pypi",
                "url": "https://pypi.org/simple",
                "verify_ssl": true
            }
        ]
    },
    "default": {},
    "develop": {}
}
